github.com/gvallee/go_util v1.0.0 h1:N1Op0Nscjv0mht2NJfGfMDe+2+ptfH1lKseb52jQkbY=
github.com/gvallee/go_util v1.0.0/go.mod h1:fTexpwdH/n05Ziu0TXJIQsr7E+46QpBxNdeOOsyC0/s=
github.com/gvallee/go_util v1.0.1 h1:Ch/PpAlHrHNmL2Upaxif/Nt4CqtaazDyTXh5fIhutJo=
github.com/gvallee/go_util v1.0.1/go.mod h1:fTexpwdH/n05Ziu0TXJIQsr7E+46QpBxNdeOOsyC0/s=
